// !$*UTF8*$!
{
	archiveVersion = 1;
	classes = {
	};
	objectVersion = 77;
	objects = {

/* Begin PBXBuildFile section */
		01DD1BC657317FC4E0A59126 /* TreeListView.swift in Sources */ = {isa = PBXBuildFile; fileRef = F1C6A4B3E8AE21DAA0D9DDE1 /* TreeListView.swift */; };
		0885632F980C9F5824201D73 /* JSONExporter.swift in Sources */ = {isa = PBXBuildFile; fileRef = 5335BA670CB205F7556844DA /* JSONExporter.swift */; };
		13C090D4A9B9E0669F6293AD /* Assets.xcassets in Resources */ = {isa = PBXBuildFile; fileRef = C385534E9EFC669280796C68 /* Assets.xcassets */; };
		199474C6ABD94964118D7D5F /* ImportTreesView.swift in Sources */ = {isa = PBXBuildFile; fileRef = 53CCDC475F15A0A70F6993B5 /* ImportTreesView.swift */; };
		1C04A1E99D1EBC61354CC81D /* Collection.swift in Sources */ = {isa = PBXBuildFile; fileRef = 5F7FF05273647DCDC1D213C2 /* Collection.swift */; };
		2054BD516F84B6FF0A7A2CCD /* iPadMapView.swift in Sources */ = {isa = PBXBuildFile; fileRef = C3FB447157EC6C8F325BF071 /* iPadMapView.swift */; };
		2F88C47DD0EDA3E26047A342 /* ContentView.swift in Sources */ = {isa = PBXBuildFile; fileRef = 1FE000A01E50BF4C4432D684 /* ContentView.swift */; };
		36F07DA5F9D71A35916273D7 /* WatchTreeImporter.swift in Sources */ = {isa = PBXBuildFile; fileRef = E778EC8EE5C7C9982218C879 /* WatchTreeImporter.swift */; };
		3A8099C94F4229C375383F06 /* ImportCollectionView.swift in Sources */ = {isa = PBXBuildFile; fileRef = 8FA182424DEA3343BD6C1ACF /* ImportCollectionView.swift */; };
		3FF5120BAA7CD44DA7A781F6 /* TreesApp.swift in Sources */ = {isa = PBXBuildFile; fileRef = 817793E263FCDD0C5A146B35 /* TreesApp.swift */; };
		402A3954254CC0D8A5EFA0CF /* TreesWatchWidget.appex in Embed Foundation Extensions */ = {isa = PBXBuildFile; fileRef = 76590D14DD7583E2B6569B1B /* TreesWatchWidget.appex */; settings = {ATTRIBUTES = (RemoveHeadersOnCopy, ); }; };
		4351B836B3A19F5CFAB79BE9 /* Photo.swift in Sources */ = {isa = PBXBuildFile; fileRef = DEA89460FC189E7CEBC3771C /* Photo.swift */; };
		444682DC75A6EE918DD141F4 /* TreeRowView.swift in Sources */ = {isa = PBXBuildFile; fileRef = 90CD1A8A52A81C1EE2EFBE76 /* TreeRowView.swift */; };
		4E2C76072EAE7E6CE922194D /* WatchConnectivityManager.swift in Sources */ = {isa = PBXBuildFile; fileRef = 141132C59D4A6E56090C7FB3 /* WatchConnectivityManager.swift */; };
		4EDB0B6A5BF748798DBF2AB2 /* TreeDetailView.swift in Sources */ = {isa = PBXBuildFile; fileRef = 61B8886E85F005476434A363 /* TreeDetailView.swift */; };
		53B5F26AB2B8D036868A7496 /* iPadTreeListView.swift in Sources */ = {isa = PBXBuildFile; fileRef = B4D06A53E5F7477F6B192AB9 /* iPadTreeListView.swift */; };
		54810EEA4E52A384B489BB7A /* ExportView.swift in Sources */ = {isa = PBXBuildFile; fileRef = 3E5E70EBAC3EB8796F68ACE6 /* ExportView.swift */; };
		59A7FBB42958C0D2C87CA01C /* iPadSidebarView.swift in Sources */ = {isa = PBXBuildFile; fileRef = DE76365F8AFD79DA86E9B50B /* iPadSidebarView.swift */; };
		6267E5503C16DEB9E26388B3 /* Tree.swift in Sources */ = {isa = PBXBuildFile; fileRef = 8DC825F3082A2B90559D7B68 /* Tree.swift */; };
		62F379748862624975606356 /* TreeMapView.swift in Sources */ = {isa = PBXBuildFile; fileRef = 888A735E0810BFF9906BE845 /* TreeMapView.swift */; };
		6FC5777C8B87E14A7DAF1DA5 /* CollectionDetailView.swift in Sources */ = {isa = PBXBuildFile; fileRef = 9BA55FA3BE6C6AC3D2B78320 /* CollectionDetailView.swift */; };
		777CAA964A438818A81B83E5 /* iPadContentView.swift in Sources */ = {isa = PBXBuildFile; fileRef = FD413525F9C7B61836CA443B /* iPadContentView.swift */; };
		7D1C4CB7243676FF8DB894FE /* CollectionListView.swift in Sources */ = {isa = PBXBuildFile; fileRef = 6DDE1784DB8250757C69B763 /* CollectionListView.swift */; };
		8B46E9C5FCD41F533D26BAA2 /* Assets.xcassets in Resources */ = {isa = PBXBuildFile; fileRef = 244065D612BAD7C6916CA3C9 /* Assets.xcassets */; };
		9022CDA83CE5FD2CD8F29102 /* AccuracyBadge.swift in Sources */ = {isa = PBXBuildFile; fileRef = E6443DD38C7A3A7E83FDA76E /* AccuracyBadge.swift */; };
		92F9612A51CFACAE093B2A75 /* Note.swift in Sources */ = {isa = PBXBuildFile; fileRef = E3346EB3009C6E848F543F4F /* Note.swift */; };
		999E8ABAF33F3B491E01C5E0 /* TreesWatch.app in Embed Watch Content */ = {isa = PBXBuildFile; fileRef = FDED0380FA1E9E8362D0D331 /* TreesWatch.app */; platformFilter = ios; settings = {ATTRIBUTES = (RemoveHeadersOnCopy, ); }; };
		9A5889B04F1AA99705144D3A /* Assets.xcassets in Resources */ = {isa = PBXBuildFile; fileRef = D622F80312FFD765AB887763 /* Assets.xcassets */; };
		9A72A2BE1D0C430A3F498396 /* CommonSpecies.swift in Sources */ = {isa = PBXBuildFile; fileRef = 4507BDB8791C728BAD7DE67A /* CommonSpecies.swift */; };
		A871EA6EAF9A758E67D66CE6 /* WatchLocationManager.swift in Sources */ = {isa = PBXBuildFile; fileRef = 9AD296987421F4A6311D98F3 /* WatchLocationManager.swift */; };
		A893E02EB1436CD16F31FC17 /* WatchTree.swift in Sources */ = {isa = PBXBuildFile; fileRef = 072D15159EDF377B08891E50 /* WatchTree.swift */; };
		AAD62B8B49E30D2F1D3C09CA /* WatchConnectivityManager.swift in Sources */ = {isa = PBXBuildFile; fileRef = 141132C59D4A6E56090C7FB3 /* WatchConnectivityManager.swift */; };
		AF68C3C7818DD2F4CE02D2E4 /* TreesWatchWidget.swift in Sources */ = {isa = PBXBuildFile; fileRef = 9AA3A92D0DE14A3726217238 /* TreesWatchWidget.swift */; };
		AF9528309D016F7DB08770FE /* CaptureTreeView.swift in Sources */ = {isa = PBXBuildFile; fileRef = 52DE749FADD0EB13A46F2E7A /* CaptureTreeView.swift */; };
		BAA3C58BC6408D4A254791AF /* PhotoGalleryView.swift in Sources */ = {isa = PBXBuildFile; fileRef = 37F08281F88024D47A957057 /* PhotoGalleryView.swift */; };
		BCDB5BA7F162ADB75C8CA651 /* DuplicateTreesView.swift in Sources */ = {isa = PBXBuildFile; fileRef = D3330119D689D0F19F2C6F6B /* DuplicateTreesView.swift */; };
		BD38C4B50C76E7081D067F0A /* iPadCollectionListView.swift in Sources */ = {isa = PBXBuildFile; fileRef = 5A8ECEB4FA8C019AA20B7CA8 /* iPadCollectionListView.swift */; };
		BE710E54AA33F84098234D35 /* CaptureView.swift in Sources */ = {isa = PBXBuildFile; fileRef = 2F2E09E9737924E18950A488 /* CaptureView.swift */; };
		C20E194CF983ABCD3090D17E /* ContentView.swift in Sources */ = {isa = PBXBuildFile; fileRef = A4082492E29F2EE4E73C6FEB /* ContentView.swift */; };
		CCBBD459660703121E1EE4D2 /* GPXExporter.swift in Sources */ = {isa = PBXBuildFile; fileRef = 559396C03C40B0AA63C15D57 /* GPXExporter.swift */; };
		D4E766862EDBFA98CB8E85D2 /* WatchTree.swift in Sources */ = {isa = PBXBuildFile; fileRef = 072D15159EDF377B08891E50 /* WatchTree.swift */; };
		DD41FFE7E9F822DFFA8800DD /* ImagePicker.swift in Sources */ = {isa = PBXBuildFile; fileRef = BA501EF33874C584E39F8F8F /* ImagePicker.swift */; };
		E441CFC3F2A6B91FC723A805 /* LocationManager.swift in Sources */ = {isa = PBXBuildFile; fileRef = 665D107F0BC118E07EC6BBF4 /* LocationManager.swift */; };
		E8D93E973EEA26E6E0084084 /* CommonSpecies.swift in Sources */ = {isa = PBXBuildFile; fileRef = 4507BDB8791C728BAD7DE67A /* CommonSpecies.swift */; };
		EADECBFF7F1F068114B6E7BF /* TreesWatchApp.swift in Sources */ = {isa = PBXBuildFile; fileRef = D54AC03E8041647A3A2374C8 /* TreesWatchApp.swift */; };
		F0ECD25D6291205F476B22B1 /* CSVExporter.swift in Sources */ = {isa = PBXBuildFile; fileRef = 56120BD39256244311587662 /* CSVExporter.swift */; };
		F0F47F8A854B1ED894283B7A /* ImageDownsampler.swift in Sources */ = {isa = PBXBuildFile; fileRef = D55967246F76EEBC3747DEB7 /* ImageDownsampler.swift */; };
		FC486FA60042D4A57696DA06 /* SpeciesTextField.swift in Sources */ = {isa = PBXBuildFile; fileRef = EFE6FF31498B5354620B2929 /* SpeciesTextField.swift */; };
/* End PBXBuildFile section */

/* Begin PBXContainerItemProxy section */
		4D0F237B5C7843DFD0BC9EE3 /* PBXContainerItemProxy */ = {
			isa = PBXContainerItemProxy;
			containerPortal = 07EFA101B2200D792627E7C8 /* Project object */;
			proxyType = 1;
			remoteGlobalIDString = D1BBE00E072536409F40D029;
			remoteInfo = TreesWatchWidget;
		};
		58C9B45352EB7E90E738C1B8 /* PBXContainerItemProxy */ = {
			isa = PBXContainerItemProxy;
			containerPortal = 07EFA101B2200D792627E7C8 /* Project object */;
			proxyType = 1;
			remoteGlobalIDString = AC6C9BE596878D3000D25309;
			remoteInfo = TreesWatch;
		};
/* End PBXContainerItemProxy section */

/* Begin PBXCopyFilesBuildPhase section */
		001F21D8DBC5E11FDB2088C1 /* Embed Watch Content */ = {
			isa = PBXCopyFilesBuildPhase;
			buildActionMask = 2147483647;
			dstPath = "$(CONTENTS_FOLDER_PATH)/Watch";
			dstSubfolderSpec = 16;
			files = (
				999E8ABAF33F3B491E01C5E0 /* TreesWatch.app in Embed Watch Content */,
			);
			name = "Embed Watch Content";
			runOnlyForDeploymentPostprocessing = 0;
		};
		3BF7545FF3E3130526216FA3 /* Embed Foundation Extensions */ = {
			isa = PBXCopyFilesBuildPhase;
			buildActionMask = 2147483647;
			dstPath = "";
			dstSubfolderSpec = 13;
			files = (
				402A3954254CC0D8A5EFA0CF /* TreesWatchWidget.appex in Embed Foundation Extensions */,
			);
			name = "Embed Foundation Extensions";
			runOnlyForDeploymentPostprocessing = 0;
		};
/* End PBXCopyFilesBuildPhase section */

/* Begin PBXFileReference section */
		072D15159EDF377B08891E50 /* WatchTree.swift */ = {isa = PBXFileReference; lastKnownFileType = sourcecode.swift; path = WatchTree.swift; sourceTree = "<group>"; };
		141132C59D4A6E56090C7FB3 /* WatchConnectivityManager.swift */ = {isa = PBXFileReference; lastKnownFileType = sourcecode.swift; path = WatchConnectivityManager.swift; sourceTree = "<group>"; };
		1FE000A01E50BF4C4432D684 /* ContentView.swift */ = {isa = PBXFileReference; lastKnownFileType = sourcecode.swift; path = ContentView.swift; sourceTree = "<group>"; };
		244065D612BAD7C6916CA3C9 /* Assets.xcassets */ = {isa = PBXFileReference; lastKnownFileType = folder.assetcatalog; path = Assets.xcassets; sourceTree = "<group>"; };
		2F2E09E9737924E18950A488 /* CaptureView.swift */ = {isa = PBXFileReference; lastKnownFileType = sourcecode.swift; path = CaptureView.swift; sourceTree = "<group>"; };
		37F08281F88024D47A957057 /* PhotoGalleryView.swift */ = {isa = PBXFileReference; lastKnownFileType = sourcecode.swift; path = PhotoGalleryView.swift; sourceTree = "<group>"; };
		3E5E70EBAC3EB8796F68ACE6 /* ExportView.swift */ = {isa = PBXFileReference; lastKnownFileType = sourcecode.swift; path = ExportView.swift; sourceTree = "<group>"; };
		4507BDB8791C728BAD7DE67A /* CommonSpecies.swift */ = {isa = PBXFileReference; lastKnownFileType = sourcecode.swift; path = CommonSpecies.swift; sourceTree = "<group>"; };
		52DE749FADD0EB13A46F2E7A /* CaptureTreeView.swift */ = {isa = PBXFileReference; lastKnownFileType = sourcecode.swift; path = CaptureTreeView.swift; sourceTree = "<group>"; };
		5335BA670CB205F7556844DA /* JSONExporter.swift */ = {isa = PBXFileReference; lastKnownFileType = sourcecode.swift; path = JSONExporter.swift; sourceTree = "<group>"; };
		53CCDC475F15A0A70F6993B5 /* ImportTreesView.swift */ = {isa = PBXFileReference; lastKnownFileType = sourcecode.swift; path = ImportTreesView.swift; sourceTree = "<group>"; };
		559396C03C40B0AA63C15D57 /* GPXExporter.swift */ = {isa = PBXFileReference; lastKnownFileType = sourcecode.swift; path = GPXExporter.swift; sourceTree = "<group>"; };
		56120BD39256244311587662 /* CSVExporter.swift */ = {isa = PBXFileReference; lastKnownFileType = sourcecode.swift; path = CSVExporter.swift; sourceTree = "<group>"; };
		5A8ECEB4FA8C019AA20B7CA8 /* iPadCollectionListView.swift */ = {isa = PBXFileReference; lastKnownFileType = sourcecode.swift; path = iPadCollectionListView.swift; sourceTree = "<group>"; };
		5F7FF05273647DCDC1D213C2 /* Collection.swift */ = {isa = PBXFileReference; lastKnownFileType = sourcecode.swift; path = Collection.swift; sourceTree = "<group>"; };
		61B8886E85F005476434A363 /* TreeDetailView.swift */ = {isa = PBXFileReference; lastKnownFileType = sourcecode.swift; path = TreeDetailView.swift; sourceTree = "<group>"; };
		665D107F0BC118E07EC6BBF4 /* LocationManager.swift */ = {isa = PBXFileReference; lastKnownFileType = sourcecode.swift; path = LocationManager.swift; sourceTree = "<group>"; };
		6DDE1784DB8250757C69B763 /* CollectionListView.swift */ = {isa = PBXFileReference; lastKnownFileType = sourcecode.swift; path = CollectionListView.swift; sourceTree = "<group>"; };
		76590D14DD7583E2B6569B1B /* TreesWatchWidget.appex */ = {isa = PBXFileReference; explicitFileType = "wrapper.app-extension"; includeInIndex = 0; path = TreesWatchWidget.appex; sourceTree = BUILT_PRODUCTS_DIR; };
		817793E263FCDD0C5A146B35 /* TreesApp.swift */ = {isa = PBXFileReference; lastKnownFileType = sourcecode.swift; path = TreesApp.swift; sourceTree = "<group>"; };
		888A735E0810BFF9906BE845 /* TreeMapView.swift */ = {isa = PBXFileReference; lastKnownFileType = sourcecode.swift; path = TreeMapView.swift; sourceTree = "<group>"; };
		8DC825F3082A2B90559D7B68 /* Tree.swift */ = {isa = PBXFileReference; lastKnownFileType = sourcecode.swift; path = Tree.swift; sourceTree = "<group>"; };
		8FA182424DEA3343BD6C1ACF /* ImportCollectionView.swift */ = {isa = PBXFileReference; lastKnownFileType = sourcecode.swift; path = ImportCollectionView.swift; sourceTree = "<group>"; };
		90BB573F33485C488B3F53E5 /* Trees.entitlements */ = {isa = PBXFileReference; lastKnownFileType = text.plist.entitlements; path = Trees.entitlements; sourceTree = "<group>"; };
		90CD1A8A52A81C1EE2EFBE76 /* TreeRowView.swift */ = {isa = PBXFileReference; lastKnownFileType = sourcecode.swift; path = TreeRowView.swift; sourceTree = "<group>"; };
		918FF906634160BF4712F217 /* Info.plist */ = {isa = PBXFileReference; lastKnownFileType = text.plist; path = Info.plist; sourceTree = "<group>"; };
		9AA3A92D0DE14A3726217238 /* TreesWatchWidget.swift */ = {isa = PBXFileReference; lastKnownFileType = sourcecode.swift; path = TreesWatchWidget.swift; sourceTree = "<group>"; };
		9AD296987421F4A6311D98F3 /* WatchLocationManager.swift */ = {isa = PBXFileReference; lastKnownFileType = sourcecode.swift; path = WatchLocationManager.swift; sourceTree = "<group>"; };
		9BA55FA3BE6C6AC3D2B78320 /* CollectionDetailView.swift */ = {isa = PBXFileReference; lastKnownFileType = sourcecode.swift; path = CollectionDetailView.swift; sourceTree = "<group>"; };
		9FC480362398E233AA910840 /* Info.plist */ = {isa = PBXFileReference; lastKnownFileType = text.plist; path = Info.plist; sourceTree = "<group>"; };
		A4082492E29F2EE4E73C6FEB /* ContentView.swift */ = {isa = PBXFileReference; lastKnownFileType = sourcecode.swift; path = ContentView.swift; sourceTree = "<group>"; };
		B4D06A53E5F7477F6B192AB9 /* iPadTreeListView.swift */ = {isa = PBXFileReference; lastKnownFileType = sourcecode.swift; path = iPadTreeListView.swift; sourceTree = "<group>"; };
		BA501EF33874C584E39F8F8F /* ImagePicker.swift */ = {isa = PBXFileReference; lastKnownFileType = sourcecode.swift; path = ImagePicker.swift; sourceTree = "<group>"; };
		C385534E9EFC669280796C68 /* Assets.xcassets */ = {isa = PBXFileReference; lastKnownFileType = folder.assetcatalog; path = Assets.xcassets; sourceTree = "<group>"; };
		C3FB447157EC6C8F325BF071 /* iPadMapView.swift */ = {isa = PBXFileReference; lastKnownFileType = sourcecode.swift; path = iPadMapView.swift; sourceTree = "<group>"; };
		CDA2EF7CEB36CD375AD55865 /* Info.plist */ = {isa = PBXFileReference; lastKnownFileType = text.plist; path = Info.plist; sourceTree = "<group>"; };
		D3330119D689D0F19F2C6F6B /* DuplicateTreesView.swift */ = {isa = PBXFileReference; lastKnownFileType = sourcecode.swift; path = DuplicateTreesView.swift; sourceTree = "<group>"; };
		D54AC03E8041647A3A2374C8 /* TreesWatchApp.swift */ = {isa = PBXFileReference; lastKnownFileType = sourcecode.swift; path = TreesWatchApp.swift; sourceTree = "<group>"; };
		D55967246F76EEBC3747DEB7 /* ImageDownsampler.swift */ = {isa = PBXFileReference; lastKnownFileType = sourcecode.swift; path = ImageDownsampler.swift; sourceTree = "<group>"; };
		D622F80312FFD765AB887763 /* Assets.xcassets */ = {isa = PBXFileReference; lastKnownFileType = folder.assetcatalog; path = Assets.xcassets; sourceTree = "<group>"; };
		DE76365F8AFD79DA86E9B50B /* iPadSidebarView.swift */ = {isa = PBXFileReference; lastKnownFileType = sourcecode.swift; path = iPadSidebarView.swift; sourceTree = "<group>"; };
		DEA89460FC189E7CEBC3771C /* Photo.swift */ = {isa = PBXFileReference; lastKnownFileType = sourcecode.swift; path = Photo.swift; sourceTree = "<group>"; };
		E3346EB3009C6E848F543F4F /* Note.swift */ = {isa = PBXFileReference; lastKnownFileType = sourcecode.swift; path = Note.swift; sourceTree = "<group>"; };
		E6443DD38C7A3A7E83FDA76E /* AccuracyBadge.swift */ = {isa = PBXFileReference; lastKnownFileType = sourcecode.swift; path = AccuracyBadge.swift; sourceTree = "<group>"; };
		E778EC8EE5C7C9982218C879 /* WatchTreeImporter.swift */ = {isa = PBXFileReference; lastKnownFileType = sourcecode.swift; path = WatchTreeImporter.swift; sourceTree = "<group>"; };
		EFE6FF31498B5354620B2929 /* SpeciesTextField.swift */ = {isa = PBXFileReference; lastKnownFileType = sourcecode.swift; path = SpeciesTextField.swift; sourceTree = "<group>"; };
		F18511CA3A2E95CB885A2B6D /* Trees.app */ = {isa = PBXFileReference; includeInIndex = 0; lastKnownFileType = wrapper.application; path = Trees.app; sourceTree = BUILT_PRODUCTS_DIR; };
		F1C6A4B3E8AE21DAA0D9DDE1 /* TreeListView.swift */ = {isa = PBXFileReference; lastKnownFileType = sourcecode.swift; path = TreeListView.swift; sourceTree = "<group>"; };
		FD413525F9C7B61836CA443B /* iPadContentView.swift */ = {isa = PBXFileReference; lastKnownFileType = sourcecode.swift; path = iPadContentView.swift; sourceTree = "<group>"; };
		FDED0380FA1E9E8362D0D331 /* TreesWatch.app */ = {isa = PBXFileReference; explicitFileType = wrapper.application; includeInIndex = 0; path = TreesWatch.app; sourceTree = BUILT_PRODUCTS_DIR; };
/* End PBXFileReference section */

/* Begin PBXGroup section */
		0665D2684998AB7EC0A8E32E /* Views */ = {
			isa = PBXGroup;
			children = (
				52DE749FADD0EB13A46F2E7A /* CaptureTreeView.swift */,
				9BA55FA3BE6C6AC3D2B78320 /* CollectionDetailView.swift */,
				6DDE1784DB8250757C69B763 /* CollectionListView.swift */,
				1FE000A01E50BF4C4432D684 /* ContentView.swift */,
				D3330119D689D0F19F2C6F6B /* DuplicateTreesView.swift */,
				3E5E70EBAC3EB8796F68ACE6 /* ExportView.swift */,
				8FA182424DEA3343BD6C1ACF /* ImportCollectionView.swift */,
				53CCDC475F15A0A70F6993B5 /* ImportTreesView.swift */,
				61B8886E85F005476434A363 /* TreeDetailView.swift */,
				F1C6A4B3E8AE21DAA0D9DDE1 /* TreeListView.swift */,
				888A735E0810BFF9906BE845 /* TreeMapView.swift */,
				90CD1A8A52A81C1EE2EFBE76 /* TreeRowView.swift */,
				8B200254C171765620205461 /* Components */,
				646696E2D5F15B86D5685A0C /* iPad */,
			);
			path = Views;
			sourceTree = "<group>";
		};
		223E6BCD5EC349BB6EBDC9CA /* TreesWatch */ = {
			isa = PBXGroup;
			children = (
				C385534E9EFC669280796C68 /* Assets.xcassets */,
				2F2E09E9737924E18950A488 /* CaptureView.swift */,
				A4082492E29F2EE4E73C6FEB /* ContentView.swift */,
				918FF906634160BF4712F217 /* Info.plist */,
				D54AC03E8041647A3A2374C8 /* TreesWatchApp.swift */,
				9AD296987421F4A6311D98F3 /* WatchLocationManager.swift */,
			);
			path = TreesWatch;
			sourceTree = "<group>";
		};
		27EC1899D99CC07AAA368609 /* Services */ = {
			isa = PBXGroup;
			children = (
				665D107F0BC118E07EC6BBF4 /* LocationManager.swift */,
				E778EC8EE5C7C9982218C879 /* WatchTreeImporter.swift */,
				D5FF190F5952B0902B19B923 /* Exporters */,
			);
			path = Services;
			sourceTree = "<group>";
		};
		646696E2D5F15B86D5685A0C /* iPad */ = {
			isa = PBXGroup;
			children = (
				5A8ECEB4FA8C019AA20B7CA8 /* iPadCollectionListView.swift */,
				FD413525F9C7B61836CA443B /* iPadContentView.swift */,
				C3FB447157EC6C8F325BF071 /* iPadMapView.swift */,
				DE76365F8AFD79DA86E9B50B /* iPadSidebarView.swift */,
				B4D06A53E5F7477F6B192AB9 /* iPadTreeListView.swift */,
			);
			path = iPad;
			sourceTree = "<group>";
		};
		708BE62405834D1AA81FCDEB /* Products */ = {
			isa = PBXGroup;
			children = (
				F18511CA3A2E95CB885A2B6D /* Trees.app */,
				FDED0380FA1E9E8362D0D331 /* TreesWatch.app */,
				76590D14DD7583E2B6569B1B /* TreesWatchWidget.appex */,
			);
			name = Products;
			sourceTree = "<group>";
		};
		8B200254C171765620205461 /* Components */ = {
			isa = PBXGroup;
			children = (
				E6443DD38C7A3A7E83FDA76E /* AccuracyBadge.swift */,
				BA501EF33874C584E39F8F8F /* ImagePicker.swift */,
				37F08281F88024D47A957057 /* PhotoGalleryView.swift */,
				EFE6FF31498B5354620B2929 /* SpeciesTextField.swift */,
			);
			path = Components;
			sourceTree = "<group>";
		};
		9470E5D03EFB573F9F965EB6 /* Models */ = {
			isa = PBXGroup;
			children = (
				5F7FF05273647DCDC1D213C2 /* Collection.swift */,
				E3346EB3009C6E848F543F4F /* Note.swift */,
				DEA89460FC189E7CEBC3771C /* Photo.swift */,
				8DC825F3082A2B90559D7B68 /* Tree.swift */,
			);
			path = Models;
			sourceTree = "<group>";
		};
		96FEFD06E15C05D4A31187F3 /* TreesWatchWidget */ = {
			isa = PBXGroup;
			children = (
				244065D612BAD7C6916CA3C9 /* Assets.xcassets */,
				CDA2EF7CEB36CD375AD55865 /* Info.plist */,
				9AA3A92D0DE14A3726217238 /* TreesWatchWidget.swift */,
			);
			path = TreesWatchWidget;
			sourceTree = "<group>";
		};
		A2071F570F64A0D1EDDC5CFE = {
			isa = PBXGroup;
			children = (
				AF1089306B2B73F3D556A390 /* Shared */,
				CE9A6E17D0F662A598DA1946 /* Trees */,
				223E6BCD5EC349BB6EBDC9CA /* TreesWatch */,
				96FEFD06E15C05D4A31187F3 /* TreesWatchWidget */,
				708BE62405834D1AA81FCDEB /* Products */,
			);
			sourceTree = "<group>";
		};
		AF1089306B2B73F3D556A390 /* Shared */ = {
			isa = PBXGroup;
			children = (
				4507BDB8791C728BAD7DE67A /* CommonSpecies.swift */,
				141132C59D4A6E56090C7FB3 /* WatchConnectivityManager.swift */,
				072D15159EDF377B08891E50 /* WatchTree.swift */,
			);
			path = Shared;
			sourceTree = "<group>";
		};
		CE9A6E17D0F662A598DA1946 /* Trees */ = {
			isa = PBXGroup;
			children = (
				D622F80312FFD765AB887763 /* Assets.xcassets */,
				9FC480362398E233AA910840 /* Info.plist */,
				90BB573F33485C488B3F53E5 /* Trees.entitlements */,
				817793E263FCDD0C5A146B35 /* TreesApp.swift */,
				9470E5D03EFB573F9F965EB6 /* Models */,
				27EC1899D99CC07AAA368609 /* Services */,
				F64293943B214290B3A6778E /* Utilities */,
				0665D2684998AB7EC0A8E32E /* Views */,
			);
			path = Trees;
			sourceTree = "<group>";
		};
		D5FF190F5952B0902B19B923 /* Exporters */ = {
			isa = PBXGroup;
			children = (
				56120BD39256244311587662 /* CSVExporter.swift */,
				559396C03C40B0AA63C15D57 /* GPXExporter.swift */,
				5335BA670CB205F7556844DA /* JSONExporter.swift */,
			);
			path = Exporters;
			sourceTree = "<group>";
		};
		F64293943B214290B3A6778E /* Utilities */ = {
			isa = PBXGroup;
			children = (
				D55967246F76EEBC3747DEB7 /* ImageDownsampler.swift */,
			);
			path = Utilities;
			sourceTree = "<group>";
		};
/* End PBXGroup section */

/* Begin PBXNativeTarget section */
		8DADEBCD00920B0F4C517383 /* Trees */ = {
			isa = PBXNativeTarget;
			buildConfigurationList = 0443242227C6BE4BC5429690 /* Build configuration list for PBXNativeTarget "Trees" */;
			buildPhases = (
				AAD22DC8F9B3CFF54F50DD72 /* Sources */,
				2CE5EC3D799F31017CD7F38E /* Resources */,
				001F21D8DBC5E11FDB2088C1 /* Embed Watch Content */,
			);
			buildRules = (
			);
			dependencies = (
				C4EEC8BFF471175C7970DAFE /* PBXTargetDependency */,
			);
			name = Trees;
			packageProductDependencies = (
			);
			productName = Trees;
			productReference = F18511CA3A2E95CB885A2B6D /* Trees.app */;
			productType = "com.apple.product-type.application";
		};
		AC6C9BE596878D3000D25309 /* TreesWatch */ = {
			isa = PBXNativeTarget;
			buildConfigurationList = 6EBFEE478FEE5F2E92F4EA86 /* Build configuration list for PBXNativeTarget "TreesWatch" */;
			buildPhases = (
				3D7435D3450714AF586E45F7 /* Sources */,
				666240D8E6611C3816EFB37C /* Resources */,
				3BF7545FF3E3130526216FA3 /* Embed Foundation Extensions */,
			);
			buildRules = (
			);
			dependencies = (
				47F7B5BA3614FD6222A4376D /* PBXTargetDependency */,
			);
			name = TreesWatch;
			packageProductDependencies = (
			);
			productName = TreesWatch;
			productReference = FDED0380FA1E9E8362D0D331 /* TreesWatch.app */;
			productType = "com.apple.product-type.application";
		};
		D1BBE00E072536409F40D029 /* TreesWatchWidget */ = {
			isa = PBXNativeTarget;
			buildConfigurationList = 92F37826E48F589D45A8D65C /* Build configuration list for PBXNativeTarget "TreesWatchWidget" */;
			buildPhases = (
				BCEBA1F0F1ED1EEA2198C7FE /* Sources */,
				E3570EACA86863E8DCFD1A31 /* Resources */,
			);
			buildRules = (
			);
			dependencies = (
			);
			name = TreesWatchWidget;
			packageProductDependencies = (
			);
			productName = TreesWatchWidget;
			productReference = 76590D14DD7583E2B6569B1B /* TreesWatchWidget.appex */;
			productType = "com.apple.product-type.app-extension";
		};
/* End PBXNativeTarget section */

/* Begin PBXProject section */
		07EFA101B2200D792627E7C8 /* Project object */ = {
			isa = PBXProject;
			attributes = {
				BuildIndependentTargetsInParallel = YES;
				LastUpgradeCheck = 1500;
				TargetAttributes = {
					8DADEBCD00920B0F4C517383 = {
						DevelopmentTeam = 3L3ASPMXH9;
						ProvisioningStyle = Automatic;
					};
					AC6C9BE596878D3000D25309 = {
						DevelopmentTeam = 3L3ASPMXH9;
						ProvisioningStyle = Automatic;
					};
					D1BBE00E072536409F40D029 = {
						DevelopmentTeam = 3L3ASPMXH9;
						ProvisioningStyle = Automatic;
					};
				};
			};
			buildConfigurationList = 78CBD0CEDD8C061C66DBBC00 /* Build configuration list for PBXProject "Trees" */;
			compatibilityVersion = "Xcode 14.0";
			developmentRegion = en;
			hasScannedForEncodings = 0;
			knownRegions = (
				Base,
				en,
			);
			mainGroup = A2071F570F64A0D1EDDC5CFE;
			minimizedProjectReferenceProxies = 1;
			preferredProjectObjectVersion = 77;
			projectDirPath = "";
			projectRoot = "";
			targets = (
				8DADEBCD00920B0F4C517383 /* Trees */,
				AC6C9BE596878D3000D25309 /* TreesWatch */,
				D1BBE00E072536409F40D029 /* TreesWatchWidget */,
			);
		};
/* End PBXProject section */

/* Begin PBXResourcesBuildPhase section */
		2CE5EC3D799F31017CD7F38E /* Resources */ = {
			isa = PBXResourcesBuildPhase;
			buildActionMask = 2147483647;
			files = (
				9A5889B04F1AA99705144D3A /* Assets.xcassets in Resources */,
			);
			runOnlyForDeploymentPostprocessing = 0;
		};
		666240D8E6611C3816EFB37C /* Resources */ = {
			isa = PBXResourcesBuildPhase;
			buildActionMask = 2147483647;
			files = (
				13C090D4A9B9E0669F6293AD /* Assets.xcassets in Resources */,
			);
			runOnlyForDeploymentPostprocessing = 0;
		};
		E3570EACA86863E8DCFD1A31 /* Resources */ = {
			isa = PBXResourcesBuildPhase;
			buildActionMask = 2147483647;
			files = (
				8B46E9C5FCD41F533D26BAA2 /* Assets.xcassets in Resources */,
			);
			runOnlyForDeploymentPostprocessing = 0;
		};
/* End PBXResourcesBuildPhase section */

/* Begin PBXSourcesBuildPhase section */
		3D7435D3450714AF586E45F7 /* Sources */ = {
			isa = PBXSourcesBuildPhase;
			buildActionMask = 2147483647;
			files = (
				BE710E54AA33F84098234D35 /* CaptureView.swift in Sources */,
				9A72A2BE1D0C430A3F498396 /* CommonSpecies.swift in Sources */,
				C20E194CF983ABCD3090D17E /* ContentView.swift in Sources */,
				EADECBFF7F1F068114B6E7BF /* TreesWatchApp.swift in Sources */,
				AAD62B8B49E30D2F1D3C09CA /* WatchConnectivityManager.swift in Sources */,
				A871EA6EAF9A758E67D66CE6 /* WatchLocationManager.swift in Sources */,
				A893E02EB1436CD16F31FC17 /* WatchTree.swift in Sources */,
			);
			runOnlyForDeploymentPostprocessing = 0;
		};
		AAD22DC8F9B3CFF54F50DD72 /* Sources */ = {
			isa = PBXSourcesBuildPhase;
			buildActionMask = 2147483647;
			files = (
				9022CDA83CE5FD2CD8F29102 /* AccuracyBadge.swift in Sources */,
				F0ECD25D6291205F476B22B1 /* CSVExporter.swift in Sources */,
				AF9528309D016F7DB08770FE /* CaptureTreeView.swift in Sources */,
				1C04A1E99D1EBC61354CC81D /* Collection.swift in Sources */,
				6FC5777C8B87E14A7DAF1DA5 /* CollectionDetailView.swift in Sources */,
				7D1C4CB7243676FF8DB894FE /* CollectionListView.swift in Sources */,
				E8D93E973EEA26E6E0084084 /* CommonSpecies.swift in Sources */,
				2F88C47DD0EDA3E26047A342 /* ContentView.swift in Sources */,
				BCDB5BA7F162ADB75C8CA651 /* DuplicateTreesView.swift in Sources */,
				54810EEA4E52A384B489BB7A /* ExportView.swift in Sources */,
				CCBBD459660703121E1EE4D2 /* GPXExporter.swift in Sources */,
				F0F47F8A854B1ED894283B7A /* ImageDownsampler.swift in Sources */,
				DD41FFE7E9F822DFFA8800DD /* ImagePicker.swift in Sources */,
				3A8099C94F4229C375383F06 /* ImportCollectionView.swift in Sources */,
				199474C6ABD94964118D7D5F /* ImportTreesView.swift in Sources */,
				0885632F980C9F5824201D73 /* JSONExporter.swift in Sources */,
				E441CFC3F2A6B91FC723A805 /* LocationManager.swift in Sources */,
				92F9612A51CFACAE093B2A75 /* Note.swift in Sources */,
				4351B836B3A19F5CFAB79BE9 /* Photo.swift in Sources */,
				BAA3C58BC6408D4A254791AF /* PhotoGalleryView.swift in Sources */,
				FC486FA60042D4A57696DA06 /* SpeciesTextField.swift in Sources */,
				6267E5503C16DEB9E26388B3 /* Tree.swift in Sources */,
				4EDB0B6A5BF748798DBF2AB2 /* TreeDetailView.swift in Sources */,
				01DD1BC657317FC4E0A59126 /* TreeListView.swift in Sources */,
				62F379748862624975606356 /* TreeMapView.swift in Sources */,
				444682DC75A6EE918DD141F4 /* TreeRowView.swift in Sources */,
				3FF5120BAA7CD44DA7A781F6 /* TreesApp.swift in Sources */,
				4E2C76072EAE7E6CE922194D /* WatchConnectivityManager.swift in Sources */,
				D4E766862EDBFA98CB8E85D2 /* WatchTree.swift in Sources */,
				36F07DA5F9D71A35916273D7 /* WatchTreeImporter.swift in Sources */,
				BD38C4B50C76E7081D067F0A /* iPadCollectionListView.swift in Sources */,
				777CAA964A438818A81B83E5 /* iPadContentView.swift in Sources */,
				2054BD516F84B6FF0A7A2CCD /* iPadMapView.swift in Sources */,
				59A7FBB42958C0D2C87CA01C /* iPadSidebarView.swift in Sources */,
				53B5F26AB2B8D036868A7496 /* iPadTreeListView.swift in Sources */,
			);
			runOnlyForDeploymentPostprocessing = 0;
		};
		BCEBA1F0F1ED1EEA2198C7FE /* Sources */ = {
			isa = PBXSourcesBuildPhase;
			buildActionMask = 2147483647;
			files = (
				AF68C3C7818DD2F4CE02D2E4 /* TreesWatchWidget.swift in Sources */,
			);
			runOnlyForDeploymentPostprocessing = 0;
		};
/* End PBXSourcesBuildPhase section */

/* Begin PBXTargetDependency section */
		47F7B5BA3614FD6222A4376D /* PBXTargetDependency */ = {
			isa = PBXTargetDependency;
			target = D1BBE00E072536409F40D029 /* TreesWatchWidget */;
			targetProxy = 4D0F237B5C7843DFD0BC9EE3 /* PBXContainerItemProxy */;
		};
		C4EEC8BFF471175C7970DAFE /* PBXTargetDependency */ = {
			isa = PBXTargetDependency;
			platformFilter = ios;
			target = AC6C9BE596878D3000D25309 /* TreesWatch */;
			targetProxy = 58C9B45352EB7E90E738C1B8 /* PBXContainerItemProxy */;
		};
/* End PBXTargetDependency section */

/* Begin XCBuildConfiguration section */
		1DCF9D8AF6AA10A353D209D1 /* Debug */ = {
			isa = XCBuildConfiguration;
			buildSettings = {
				ASSETCATALOG_COMPILER_GLOBAL_ACCENT_COLOR_NAME = AccentColor;
				CODE_SIGN_STYLE = Automatic;
				CURRENT_PROJECT_VERSION = 1;
				DEVELOPMENT_TEAM = 3L3ASPMXH9;
				INFOPLIST_FILE = TreesWatchWidget/Info.plist;
				LD_RUNPATH_SEARCH_PATHS = "$(inherited) @executable_path/Frameworks @executable_path/../../Frameworks";
				MARKETING_VERSION = 1.0;
				PRODUCT_BUNDLE_IDENTIFIER = com.treetracker.Trees.watchkitapp.widget;
				SDKROOT = watchos;
				SKIP_INSTALL = YES;
				SWIFT_EMIT_LOC_STRINGS = YES;
				TARGETED_DEVICE_FAMILY = 4;
				WATCHOS_DEPLOYMENT_TARGET = 11.0;
			};
			name = Debug;
		};
		2120070B08B4D46BB31AFF57 /* Debug */ = {
			isa = XCBuildConfiguration;
			buildSettings = {
				ASSETCATALOG_COMPILER_APPICON_NAME = AppIcon;
				ASSETCATALOG_COMPILER_GLOBAL_ACCENT_COLOR_NAME = AccentColor;
				CODE_SIGN_ENTITLEMENTS = Trees/Trees.entitlements;
				CODE_SIGN_IDENTITY = "iPhone Developer";
				CODE_SIGN_STYLE = Automatic;
				CURRENT_PROJECT_VERSION = 1;
				DERIVE_MACCATALYST_PRODUCT_BUNDLE_IDENTIFIER = NO;
				DEVELOPMENT_TEAM = 3L3ASPMXH9;
				GENERATE_INFOPLIST_FILE = NO;
				INFOPLIST_FILE = Trees/Info.plist;
				LD_RUNPATH_SEARCH_PATHS = (
					"$(inherited)",
					"@executable_path/Frameworks",
				);
				MARKETING_VERSION = 1.0;
				PRODUCT_BUNDLE_IDENTIFIER = com.treetracker.Trees;
				SDKROOT = iphoneos;
				SUPPORTED_PLATFORMS = "iphoneos iphonesimulator";
				SUPPORTS_MACCATALYST = YES;
				SUPPORTS_MAC_DESIGNED_FOR_IPHONE_IPAD = NO;
				SUPPORTS_XR_DESIGNED_FOR_IPHONE_IPAD = YES;
				SWIFT_EMIT_LOC_STRINGS = YES;
				TARGETED_DEVICE_FAMILY = "1,2,6";
			};
			name = Debug;
		};
		46E4FC4EC84456ADC75C0FFB /* Release */ = {
			isa = XCBuildConfiguration;
			buildSettings = {
				ASSETCATALOG_COMPILER_APPICON_NAME = AppIcon;
				ASSETCATALOG_COMPILER_GLOBAL_ACCENT_COLOR_NAME = AccentColor;
				CODE_SIGN_ENTITLEMENTS = Trees/Trees.entitlements;
				CODE_SIGN_IDENTITY = "iPhone Developer";
				CODE_SIGN_STYLE = Automatic;
				CURRENT_PROJECT_VERSION = 1;
				DERIVE_MACCATALYST_PRODUCT_BUNDLE_IDENTIFIER = NO;
				DEVELOPMENT_TEAM = 3L3ASPMXH9;
				GENERATE_INFOPLIST_FILE = NO;
				INFOPLIST_FILE = Trees/Info.plist;
				LD_RUNPATH_SEARCH_PATHS = (
					"$(inherited)",
					"@executable_path/Frameworks",
				);
				MARKETING_VERSION = 1.0;
				PRODUCT_BUNDLE_IDENTIFIER = com.treetracker.Trees;
				SDKROOT = iphoneos;
				SUPPORTED_PLATFORMS = "iphoneos iphonesimulator";
				SUPPORTS_MACCATALYST = YES;
				SUPPORTS_MAC_DESIGNED_FOR_IPHONE_IPAD = NO;
				SUPPORTS_XR_DESIGNED_FOR_IPHONE_IPAD = YES;
				SWIFT_EMIT_LOC_STRINGS = YES;
				TARGETED_DEVICE_FAMILY = "1,2,6";
			};
			name = Release;
		};
		6570ECD99181BBD8378C0A32 /* Debug */ = {
			isa = XCBuildConfiguration;
			buildSettings = {
				ALWAYS_SEARCH_USER_PATHS = NO;
				CLANG_ANALYZER_NONNULL = YES;
				CLANG_ANALYZER_NUMBER_OBJECT_CONVERSION = YES_AGGRESSIVE;
				CLANG_CXX_LANGUAGE_STANDARD = "gnu++14";
				CLANG_CXX_LIBRARY = "libc++";
				CLANG_ENABLE_MODULES = YES;
				CLANG_ENABLE_OBJC_ARC = YES;
				CLANG_ENABLE_OBJC_WEAK = YES;
				CLANG_WARN_BLOCK_CAPTURE_AUTORELEASING = YES;
				CLANG_WARN_BOOL_CONVERSION = YES;
				CLANG_WARN_COMMA = YES;
				CLANG_WARN_CONSTANT_CONVERSION = YES;
				CLANG_WARN_DEPRECATED_OBJC_IMPLEMENTATIONS = YES;
				CLANG_WARN_DIRECT_OBJC_ISA_USAGE = YES_ERROR;
				CLANG_WARN_DOCUMENTATION_COMMENTS = YES;
				CLANG_WARN_EMPTY_BODY = YES;
				CLANG_WARN_ENUM_CONVERSION = YES;
				CLANG_WARN_INFINITE_RECURSION = YES;
				CLANG_WARN_INT_CONVERSION = YES;
				CLANG_WARN_NON_LITERAL_NULL_CONVERSION = YES;
				CLANG_WARN_OBJC_IMPLICIT_RETAIN_SELF = YES;
				CLANG_WARN_OBJC_LITERAL_CONVERSION = YES;
				CLANG_WARN_OBJC_ROOT_CLASS = YES_ERROR;
				CLANG_WARN_QUOTED_INCLUDE_IN_FRAMEWORK_HEADER = YES;
				CLANG_WARN_RANGE_LOOP_ANALYSIS = YES;
				CLANG_WARN_STRICT_PROTOTYPES = YES;
				CLANG_WARN_SUSPICIOUS_MOVE = YES;
				CLANG_WARN_UNGUARDED_AVAILABILITY = YES_AGGRESSIVE;
				CLANG_WARN_UNREACHABLE_CODE = YES;
				CLANG_WARN__DUPLICATE_METHOD_MATCH = YES;
				COPY_PHASE_STRIP = NO;
				DEBUG_INFORMATION_FORMAT = dwarf;
				ENABLE_STRICT_OBJC_MSGSEND = YES;
				ENABLE_TESTABILITY = YES;
				GCC_C_LANGUAGE_STANDARD = gnu11;
				GCC_DYNAMIC_NO_PIC = NO;
				GCC_NO_COMMON_BLOCKS = YES;
				GCC_OPTIMIZATION_LEVEL = 0;
				GCC_PREPROCESSOR_DEFINITIONS = (
					"$(inherited)",
					"DEBUG=1",
				);
				GCC_WARN_64_TO_32_BIT_CONVERSION = YES;
				GCC_WARN_ABOUT_RETURN_TYPE = YES_ERROR;
				GCC_WARN_UNDECLARED_SELECTOR = YES;
				GCC_WARN_UNINITIALIZED_AUTOS = YES_AGGRESSIVE;
				GCC_WARN_UNUSED_FUNCTION = YES;
				GCC_WARN_UNUSED_VARIABLE = YES;
				GENERATE_INFOPLIST_FILE = YES;
				IPHONEOS_DEPLOYMENT_TARGET = 17.0;
				MACOSX_DEPLOYMENT_TARGET = 14.0;
				MTL_ENABLE_DEBUG_INFO = INCLUDE_SOURCE;
				MTL_FAST_MATH = YES;
				ONLY_ACTIVE_ARCH = YES;
				PRODUCT_NAME = "$(TARGET_NAME)";
				SWIFT_ACTIVE_COMPILATION_CONDITIONS = DEBUG;
				SWIFT_OPTIMIZATION_LEVEL = "-Onone";
				SWIFT_VERSION = 5.9;
				WATCHOS_DEPLOYMENT_TARGET = 11.0;
			};
			name = Debug;
		};
		999EE2A5DB965B39AEBFAD14 /* Release */ = {
			isa = XCBuildConfiguration;
			buildSettings = {
				ALWAYS_SEARCH_USER_PATHS = NO;
				CLANG_ANALYZER_NONNULL = YES;
				CLANG_ANALYZER_NUMBER_OBJECT_CONVERSION = YES_AGGRESSIVE;
				CLANG_CXX_LANGUAGE_STANDARD = "gnu++14";
				CLANG_CXX_LIBRARY = "libc++";
				CLANG_ENABLE_MODULES = YES;
				CLANG_ENABLE_OBJC_ARC = YES;
				CLANG_ENABLE_OBJC_WEAK = YES;
				CLANG_WARN_BLOCK_CAPTURE_AUTORELEASING = YES;
				CLANG_WARN_BOOL_CONVERSION = YES;
				CLANG_WARN_COMMA = YES;
				CLANG_WARN_CONSTANT_CONVERSION = YES;
				CLANG_WARN_DEPRECATED_OBJC_IMPLEMENTATIONS = YES;
				CLANG_WARN_DIRECT_OBJC_ISA_USAGE = YES_ERROR;
				CLANG_WARN_DOCUMENTATION_COMMENTS = YES;
				CLANG_WARN_EMPTY_BODY = YES;
				CLANG_WARN_ENUM_CONVERSION = YES;
				CLANG_WARN_INFINITE_RECURSION = YES;
				CLANG_WARN_INT_CONVERSION = YES;
				CLANG_WARN_NON_LITERAL_NULL_CONVERSION = YES;
				CLANG_WARN_OBJC_IMPLICIT_RETAIN_SELF = YES;
				CLANG_WARN_OBJC_LITERAL_CONVERSION = YES;
				CLANG_WARN_OBJC_ROOT_CLASS = YES_ERROR;
				CLANG_WARN_QUOTED_INCLUDE_IN_FRAMEWORK_HEADER = YES;
				CLANG_WARN_RANGE_LOOP_ANALYSIS = YES;
				CLANG_WARN_STRICT_PROTOTYPES = YES;
				CLANG_WARN_SUSPICIOUS_MOVE = YES;
				CLANG_WARN_UNGUARDED_AVAILABILITY = YES_AGGRESSIVE;
				CLANG_WARN_UNREACHABLE_CODE = YES;
				CLANG_WARN__DUPLICATE_METHOD_MATCH = YES;
				COPY_PHASE_STRIP = NO;
				DEBUG_INFORMATION_FORMAT = "dwarf-with-dsym";
				ENABLE_NS_ASSERTIONS = NO;
				ENABLE_STRICT_OBJC_MSGSEND = YES;
				GCC_C_LANGUAGE_STANDARD = gnu11;
				GCC_NO_COMMON_BLOCKS = YES;
				GCC_WARN_64_TO_32_BIT_CONVERSION = YES;
				GCC_WARN_ABOUT_RETURN_TYPE = YES_ERROR;
				GCC_WARN_UNDECLARED_SELECTOR = YES;
				GCC_WARN_UNINITIALIZED_AUTOS = YES_AGGRESSIVE;
				GCC_WARN_UNUSED_FUNCTION = YES;
				GCC_WARN_UNUSED_VARIABLE = YES;
				GENERATE_INFOPLIST_FILE = YES;
				IPHONEOS_DEPLOYMENT_TARGET = 17.0;
				MACOSX_DEPLOYMENT_TARGET = 14.0;
				MTL_ENABLE_DEBUG_INFO = NO;
				MTL_FAST_MATH = YES;
				PRODUCT_NAME = "$(TARGET_NAME)";
				SWIFT_COMPILATION_MODE = wholemodule;
				SWIFT_OPTIMIZATION_LEVEL = "-O";
				SWIFT_VERSION = 5.9;
				WATCHOS_DEPLOYMENT_TARGET = 11.0;
			};
			name = Release;
		};
		A9008F68DB38F26CE94E2C3E /* Release */ = {
			isa = XCBuildConfiguration;
			buildSettings = {
				ASSETCATALOG_COMPILER_GLOBAL_ACCENT_COLOR_NAME = AccentColor;
				CODE_SIGN_STYLE = Automatic;
				CURRENT_PROJECT_VERSION = 1;
				DEVELOPMENT_TEAM = 3L3ASPMXH9;
				INFOPLIST_FILE = TreesWatchWidget/Info.plist;
				LD_RUNPATH_SEARCH_PATHS = "$(inherited) @executable_path/Frameworks @executable_path/../../Frameworks";
				MARKETING_VERSION = 1.0;
				PRODUCT_BUNDLE_IDENTIFIER = com.treetracker.Trees.watchkitapp.widget;
				SDKROOT = watchos;
				SKIP_INSTALL = YES;
				SWIFT_EMIT_LOC_STRINGS = YES;
				TARGETED_DEVICE_FAMILY = 4;
				WATCHOS_DEPLOYMENT_TARGET = 11.0;
			};
			name = Release;
		};
		FA2117F279E5F7893EC90386 /* Debug */ = {
			isa = XCBuildConfiguration;
			buildSettings = {
				ASSETCATALOG_COMPILER_APPICON_NAME = AppIcon;
				ASSETCATALOG_COMPILER_GLOBAL_ACCENT_COLOR_NAME = AccentColor;
				CODE_SIGN_STYLE = Automatic;
				CURRENT_PROJECT_VERSION = 1;
				DEVELOPMENT_TEAM = 3L3ASPMXH9;
				GENERATE_INFOPLIST_FILE = NO;
				INFOPLIST_FILE = TreesWatch/Info.plist;
				MARKETING_VERSION = 1.0;
				PRODUCT_BUNDLE_IDENTIFIER = com.treetracker.Trees.watchkitapp;
				SDKROOT = watchos;
				SKIP_INSTALL = YES;
				SWIFT_EMIT_LOC_STRINGS = YES;
				TARGETED_DEVICE_FAMILY = 4;
				WATCHOS_DEPLOYMENT_TARGET = 11.0;
			};
			name = Debug;
		};
		FF265EAB45E76DF935D90A85 /* Release */ = {
			isa = XCBuildConfiguration;
			buildSettings = {
				ASSETCATALOG_COMPILER_APPICON_NAME = AppIcon;
				ASSETCATALOG_COMPILER_GLOBAL_ACCENT_COLOR_NAME = AccentColor;
				CODE_SIGN_STYLE = Automatic;
				CURRENT_PROJECT_VERSION = 1;
				DEVELOPMENT_TEAM = 3L3ASPMXH9;
				GENERATE_INFOPLIST_FILE = NO;
				INFOPLIST_FILE = TreesWatch/Info.plist;
				MARKETING_VERSION = 1.0;
				PRODUCT_BUNDLE_IDENTIFIER = com.treetracker.Trees.watchkitapp;
				SDKROOT = watchos;
				SKIP_INSTALL = YES;
				SWIFT_EMIT_LOC_STRINGS = YES;
				TARGETED_DEVICE_FAMILY = 4;
				WATCHOS_DEPLOYMENT_TARGET = 11.0;
			};
			name = Release;
		};
/* End XCBuildConfiguration section */

/* Begin XCConfigurationList section */
		0443242227C6BE4BC5429690 /* Build configuration list for PBXNativeTarget "Trees" */ = {
			isa = XCConfigurationList;
			buildConfigurations = (
				2120070B08B4D46BB31AFF57 /* Debug */,
				46E4FC4EC84456ADC75C0FFB /* Release */,
			);
			defaultConfigurationIsVisible = 0;
			defaultConfigurationName = Debug;
		};
		6EBFEE478FEE5F2E92F4EA86 /* Build configuration list for PBXNativeTarget "TreesWatch" */ = {
			isa = XCConfigurationList;
			buildConfigurations = (
				FA2117F279E5F7893EC90386 /* Debug */,
				FF265EAB45E76DF935D90A85 /* Release */,
			);
			defaultConfigurationIsVisible = 0;
			defaultConfigurationName = Debug;
		};
		78CBD0CEDD8C061C66DBBC00 /* Build configuration list for PBXProject "Trees" */ = {
			isa = XCConfigurationList;
			buildConfigurations = (
				6570ECD99181BBD8378C0A32 /* Debug */,
				999EE2A5DB965B39AEBFAD14 /* Release */,
			);
			defaultConfigurationIsVisible = 0;
			defaultConfigurationName = Debug;
		};
		92F37826E48F589D45A8D65C /* Build configuration list for PBXNativeTarget "TreesWatchWidget" */ = {
			isa = XCConfigurationList;
			buildConfigurations = (
				1DCF9D8AF6AA10A353D209D1 /* Debug */,
				A9008F68DB38F26CE94E2C3E /* Release */,
			);
			defaultConfigurationIsVisible = 0;
			defaultConfigurationName = Debug;
		};
/* End XCConfigurationList section */
	};
	rootObject = 07EFA101B2200D792627E7C8 /* Project object */;
}
